
Microsoft Visual Studio Solution File, Format Version 12.00
# Visual Studio Version 17
VisualStudioVersion = 17.13.35806.99 d17.13
MinimumVisualStudioVersion = 10.0.40219.1
Project("{FAE04EC0-301F-11D3-BF4B-00C04F79EFBC}") = "enunciados1,2,3", "enunciados1,2,3\enunciados1,2,3.csproj", "{A365A6CD-1053-49CE-BB00-83C57D398F20}"
EndProject
Global
	GlobalSection(SolutionConfigurationPlatforms) = preSolution
		Debug|Any CPU = Debug|Any CPU
		Release|Any CPU = Release|Any CPU
	EndGlobalSection
	GlobalSection(ProjectConfigurationPlatforms) = postSolution
		{A365A6CD-1053-49CE-BB00-83C57D398F20}.Debug|Any CPU.ActiveCfg = Debug|Any CPU
		{A365A6CD-1053-49CE-BB00-83C57D398F20}.Debug|Any CPU.Build.0 = Debug|Any CPU
		{A365A6CD-1053-49CE-BB00-83C57D398F20}.Release|Any CPU.ActiveCfg = Release|Any CPU
		{A365A6CD-1053-49CE-BB00-83C57D398F20}.Release|Any CPU.Build.0 = Release|Any CPU
	EndGlobalSection
	GlobalSection(SolutionProperties) = preSolution
		HideSolutionNode = FALSE
	EndGlobalSection
	GlobalSection(ExtensibilityGlobals) = postSolution
		SolutionGuid = {DC43B9BD-13E0-41B2-93C9-A8FC35489EF7}
	EndGlobalSection
EndGlobal
